{
  "version": 4,
  "terraform_version": "1.0.3",
  "serial": 257,
  "lineage": "864b0aae-d458-2383-2054-5e995a307368",
  "outputs": {},
  "resources": [
    {
      "mode": "data",
      "type": "archive_file",
      "name": "zip",
      "provider": "provider[\"registry.terraform.io/hashicorp/archive\"]",
      "instances": [
        {
          "schema_version": 0,
          "attributes": {
            "excludes": null,
            "id": "8e209f4a88d33dfdfc1ccd3075f4ed89dc574fde",
            "output_base64sha256": "zTcW+Gij+lBCMLHdvBRgaWuFO0SerAO/5BhBgpeThBc=",
            "output_file_mode": null,
            "output_md5": "0ea83088eaf301a5a1bb81c322382f11",
            "output_path": "./lambda.zip",
            "output_sha": "8e209f4a88d33dfdfc1ccd3075f4ed89dc574fde",
            "output_size": 5520809,
            "source": [],
            "source_content": null,
            "source_content_filename": null,
            "source_dir": null,
            "source_file": "./main",
            "type": "zip"
          },
          "sensitive_attributes": []
        }
      ]
    },
    {
      "mode": "managed",
      "type": "aws_iam_role",
      "name": "iam_for_lambda",
      "provider": "provider[\"registry.terraform.io/hashicorp/aws\"]",
      "instances": [
        {
          "schema_version": 0,
          "attributes": {
            "arn": "arn:aws:iam::140040602879:role/iam_for_lambda",
            "assume_role_policy": "{\"Version\":\"2012-10-17\",\"Statement\":[{\"Sid\":\"\",\"Effect\":\"Allow\",\"Principal\":{\"Service\":\"lambda.amazonaws.com\"},\"Action\":\"sts:AssumeRole\"}]}",
            "create_date": "2021-08-29T03:50:39Z",
            "description": "",
            "force_detach_policies": false,
            "id": "iam_for_lambda",
            "inline_policy": [
              {
                "name": "",
                "policy": ""
              }
            ],
            "managed_policy_arns": [],
            "max_session_duration": 3600,
            "name": "iam_for_lambda",
            "name_prefix": null,
            "path": "/",
            "permissions_boundary": null,
            "tags": {},
            "tags_all": {},
            "unique_id": "AROASBGYSAT76AS7TGPSR"
          },
          "sensitive_attributes": [],
          "private": "bnVsbA=="
        }
      ]
    },
    {
      "mode": "managed",
      "type": "aws_lambda_function",
      "name": "test_lambda",
      "provider": "provider[\"registry.terraform.io/hashicorp/aws\"]",
      "instances": [
        {
          "index_key": 0,
          "schema_version": 0,
          "attributes": {
            "arn": "arn:aws:lambda:us-east-1:140040602879:function:blank_go-0",
            "code_signing_config_arn": "",
            "dead_letter_config": [],
            "description": "",
            "environment": [],
            "file_system_config": [],
            "filename": "lambda.zip",
            "function_name": "blank_go-0",
            "handler": "main",
            "id": "blank_go-0",
            "image_config": [],
            "image_uri": "",
            "invoke_arn": "arn:aws:apigateway:us-east-1:lambda:path/2015-03-31/functions/arn:aws:lambda:us-east-1:140040602879:function:blank_go-0/invocations",
            "kms_key_arn": "",
            "last_modified": "2021-08-29T04:03:51.881+0000",
            "layers": null,
            "memory_size": 128,
            "package_type": "Zip",
            "publish": false,
            "qualified_arn": "arn:aws:lambda:us-east-1:140040602879:function:blank_go-0:$LATEST",
            "reserved_concurrent_executions": -1,
            "role": "arn:aws:iam::140040602879:role/iam_for_lambda",
            "runtime": "go1.x",
            "s3_bucket": null,
            "s3_key": null,
            "s3_object_version": null,
            "signing_job_arn": "",
            "signing_profile_version_arn": "",
            "source_code_hash": "zTcW+Gij+lBCMLHdvBRgaWuFO0SerAO/5BhBgpeThBc=",
            "source_code_size": 5520809,
            "tags": {
              "Name": "blank_go-0"
            },
            "tags_all": {
              "Name": "blank_go-0"
            },
            "timeout": 30,
            "timeouts": null,
            "tracing_config": [
              {
                "mode": "PassThrough"
              }
            ],
            "version": "$LATEST",
            "vpc_config": []
          },
          "sensitive_attributes": [],
          "private": "eyJlMmJmYjczMC1lY2FhLTExZTYtOGY4OC0zNDM2M2JjN2M0YzAiOnsiY3JlYXRlIjo2MDAwMDAwMDAwMDB9fQ==",
          "dependencies": [
            "aws_iam_role.iam_for_lambda",
            "data.archive_file.zip"
          ]
        },
        {
          "index_key": 1,
          "schema_version": 0,
          "attributes": {
            "arn": "arn:aws:lambda:us-east-1:140040602879:function:blank_go-1",
            "code_signing_config_arn": "",
            "dead_letter_config": [],
            "description": "",
            "environment": [],
            "file_system_config": [],
            "filename": "lambda.zip",
            "function_name": "blank_go-1",
            "handler": "main",
            "id": "blank_go-1",
            "image_config": [],
            "image_uri": "",
            "invoke_arn": "arn:aws:apigateway:us-east-1:lambda:path/2015-03-31/functions/arn:aws:lambda:us-east-1:140040602879:function:blank_go-1/invocations",
            "kms_key_arn": "",
            "last_modified": "2021-08-29T04:02:11.335+0000",
            "layers": null,
            "memory_size": 128,
            "package_type": "Zip",
            "publish": false,
            "qualified_arn": "arn:aws:lambda:us-east-1:140040602879:function:blank_go-1:$LATEST",
            "reserved_concurrent_executions": -1,
            "role": "arn:aws:iam::140040602879:role/iam_for_lambda",
            "runtime": "go1.x",
            "s3_bucket": null,
            "s3_key": null,
            "s3_object_version": null,
            "signing_job_arn": "",
            "signing_profile_version_arn": "",
            "source_code_hash": "zTcW+Gij+lBCMLHdvBRgaWuFO0SerAO/5BhBgpeThBc=",
            "source_code_size": 5520809,
            "tags": {
              "Name": "blank_go-1"
            },
            "tags_all": {
              "Name": "blank_go-1"
            },
            "timeout": 30,
            "timeouts": null,
            "tracing_config": [
              {
                "mode": "PassThrough"
              }
            ],
            "version": "$LATEST",
            "vpc_config": []
          },
          "sensitive_attributes": [],
          "private": "eyJlMmJmYjczMC1lY2FhLTExZTYtOGY4OC0zNDM2M2JjN2M0YzAiOnsiY3JlYXRlIjo2MDAwMDAwMDAwMDB9fQ==",
          "dependencies": [
            "aws_iam_role.iam_for_lambda",
            "data.archive_file.zip"
          ]
        },
        {
          "index_key": 2,
          "schema_version": 0,
          "attributes": {
            "arn": "arn:aws:lambda:us-east-1:140040602879:function:blank_go-2",
            "code_signing_config_arn": "",
            "dead_letter_config": [],
            "description": "",
            "environment": [],
            "file_system_config": [],
            "filename": "lambda.zip",
            "function_name": "blank_go-2",
            "handler": "main",
            "id": "blank_go-2",
            "image_config": [],
            "image_uri": "",
            "invoke_arn": "arn:aws:apigateway:us-east-1:lambda:path/2015-03-31/functions/arn:aws:lambda:us-east-1:140040602879:function:blank_go-2/invocations",
            "kms_key_arn": "",
            "last_modified": "2021-08-29T04:04:05.979+0000",
            "layers": null,
            "memory_size": 128,
            "package_type": "Zip",
            "publish": false,
            "qualified_arn": "arn:aws:lambda:us-east-1:140040602879:function:blank_go-2:$LATEST",
            "reserved_concurrent_executions": -1,
            "role": "arn:aws:iam::140040602879:role/iam_for_lambda",
            "runtime": "go1.x",
            "s3_bucket": null,
            "s3_key": null,
            "s3_object_version": null,
            "signing_job_arn": "",
            "signing_profile_version_arn": "",
            "source_code_hash": "zTcW+Gij+lBCMLHdvBRgaWuFO0SerAO/5BhBgpeThBc=",
            "source_code_size": 5520809,
            "tags": {
              "Name": "blank_go-2"
            },
            "tags_all": {
              "Name": "blank_go-2"
            },
            "timeout": 30,
            "timeouts": null,
            "tracing_config": [
              {
                "mode": "PassThrough"
              }
            ],
            "version": "$LATEST",
            "vpc_config": []
          },
          "sensitive_attributes": [],
          "private": "eyJlMmJmYjczMC1lY2FhLTExZTYtOGY4OC0zNDM2M2JjN2M0YzAiOnsiY3JlYXRlIjo2MDAwMDAwMDAwMDB9fQ==",
          "dependencies": [
            "aws_iam_role.iam_for_lambda",
            "data.archive_file.zip"
          ]
        },
        {
          "index_key": 3,
          "schema_version": 0,
          "attributes": {
            "arn": "arn:aws:lambda:us-east-1:140040602879:function:blank_go-3",
            "code_signing_config_arn": "",
            "dead_letter_config": [],
            "description": "",
            "environment": [],
            "file_system_config": [],
            "filename": "lambda.zip",
            "function_name": "blank_go-3",
            "handler": "main",
            "id": "blank_go-3",
            "image_config": [],
            "image_uri": "",
            "invoke_arn": "arn:aws:apigateway:us-east-1:lambda:path/2015-03-31/functions/arn:aws:lambda:us-east-1:140040602879:function:blank_go-3/invocations",
            "kms_key_arn": "",
            "last_modified": "2021-08-29T04:04:20.292+0000",
            "layers": null,
            "memory_size": 128,
            "package_type": "Zip",
            "publish": false,
            "qualified_arn": "arn:aws:lambda:us-east-1:140040602879:function:blank_go-3:$LATEST",
            "reserved_concurrent_executions": -1,
            "role": "arn:aws:iam::140040602879:role/iam_for_lambda",
            "runtime": "go1.x",
            "s3_bucket": null,
            "s3_key": null,
            "s3_object_version": null,
            "signing_job_arn": "",
            "signing_profile_version_arn": "",
            "source_code_hash": "zTcW+Gij+lBCMLHdvBRgaWuFO0SerAO/5BhBgpeThBc=",
            "source_code_size": 5520809,
            "tags": {
              "Name": "blank_go-3"
            },
            "tags_all": {
              "Name": "blank_go-3"
            },
            "timeout": 30,
            "timeouts": null,
            "tracing_config": [
              {
                "mode": "PassThrough"
              }
            ],
            "version": "$LATEST",
            "vpc_config": []
          },
          "sensitive_attributes": [],
          "private": "eyJlMmJmYjczMC1lY2FhLTExZTYtOGY4OC0zNDM2M2JjN2M0YzAiOnsiY3JlYXRlIjo2MDAwMDAwMDAwMDB9fQ==",
          "dependencies": [
            "aws_iam_role.iam_for_lambda",
            "data.archive_file.zip"
          ]
        },
        {
          "index_key": 4,
          "schema_version": 0,
          "attributes": {
            "arn": "arn:aws:lambda:us-east-1:140040602879:function:blank_go-4",
            "code_signing_config_arn": "",
            "dead_letter_config": [],
            "description": "",
            "environment": [],
            "file_system_config": [],
            "filename": "lambda.zip",
            "function_name": "blank_go-4",
            "handler": "main",
            "id": "blank_go-4",
            "image_config": [],
            "image_uri": "",
            "invoke_arn": "arn:aws:apigateway:us-east-1:lambda:path/2015-03-31/functions/arn:aws:lambda:us-east-1:140040602879:function:blank_go-4/invocations",
            "kms_key_arn": "",
            "last_modified": "2021-08-29T04:03:07.924+0000",
            "layers": null,
            "memory_size": 128,
            "package_type": "Zip",
            "publish": false,
            "qualified_arn": "arn:aws:lambda:us-east-1:140040602879:function:blank_go-4:$LATEST",
            "reserved_concurrent_executions": -1,
            "role": "arn:aws:iam::140040602879:role/iam_for_lambda",
            "runtime": "go1.x",
            "s3_bucket": null,
            "s3_key": null,
            "s3_object_version": null,
            "signing_job_arn": "",
            "signing_profile_version_arn": "",
            "source_code_hash": "zTcW+Gij+lBCMLHdvBRgaWuFO0SerAO/5BhBgpeThBc=",
            "source_code_size": 5520809,
            "tags": {
              "Name": "blank_go-4"
            },
            "tags_all": {
              "Name": "blank_go-4"
            },
            "timeout": 30,
            "timeouts": null,
            "tracing_config": [
              {
                "mode": "PassThrough"
              }
            ],
            "version": "$LATEST",
            "vpc_config": []
          },
          "sensitive_attributes": [],
          "private": "eyJlMmJmYjczMC1lY2FhLTExZTYtOGY4OC0zNDM2M2JjN2M0YzAiOnsiY3JlYXRlIjo2MDAwMDAwMDAwMDB9fQ==",
          "dependencies": [
            "aws_iam_role.iam_for_lambda",
            "data.archive_file.zip"
          ]
        },
        {
          "index_key": 5,
          "schema_version": 0,
          "attributes": {
            "arn": "arn:aws:lambda:us-east-1:140040602879:function:blank_go-5",
            "code_signing_config_arn": "",
            "dead_letter_config": [],
            "description": "",
            "environment": [],
            "file_system_config": [],
            "filename": "lambda.zip",
            "function_name": "blank_go-5",
            "handler": "main",
            "id": "blank_go-5",
            "image_config": [],
            "image_uri": "",
            "invoke_arn": "arn:aws:apigateway:us-east-1:lambda:path/2015-03-31/functions/arn:aws:lambda:us-east-1:140040602879:function:blank_go-5/invocations",
            "kms_key_arn": "",
            "last_modified": "2021-08-29T04:02:25.853+0000",
            "layers": null,
            "memory_size": 128,
            "package_type": "Zip",
            "publish": false,
            "qualified_arn": "arn:aws:lambda:us-east-1:140040602879:function:blank_go-5:$LATEST",
            "reserved_concurrent_executions": -1,
            "role": "arn:aws:iam::140040602879:role/iam_for_lambda",
            "runtime": "go1.x",
            "s3_bucket": null,
            "s3_key": null,
            "s3_object_version": null,
            "signing_job_arn": "",
            "signing_profile_version_arn": "",
            "source_code_hash": "zTcW+Gij+lBCMLHdvBRgaWuFO0SerAO/5BhBgpeThBc=",
            "source_code_size": 5520809,
            "tags": {
              "Name": "blank_go-5"
            },
            "tags_all": {
              "Name": "blank_go-5"
            },
            "timeout": 30,
            "timeouts": null,
            "tracing_config": [
              {
                "mode": "PassThrough"
              }
            ],
            "version": "$LATEST",
            "vpc_config": []
          },
          "sensitive_attributes": [],
          "private": "eyJlMmJmYjczMC1lY2FhLTExZTYtOGY4OC0zNDM2M2JjN2M0YzAiOnsiY3JlYXRlIjo2MDAwMDAwMDAwMDB9fQ==",
          "dependencies": [
            "aws_iam_role.iam_for_lambda",
            "data.archive_file.zip"
          ]
        },
        {
          "index_key": 6,
          "schema_version": 0,
          "attributes": {
            "arn": "arn:aws:lambda:us-east-1:140040602879:function:blank_go-6",
            "code_signing_config_arn": "",
            "dead_letter_config": [],
            "description": "",
            "environment": [],
            "file_system_config": [],
            "filename": "lambda.zip",
            "function_name": "blank_go-6",
            "handler": "main",
            "id": "blank_go-6",
            "image_config": [],
            "image_uri": "",
            "invoke_arn": "arn:aws:apigateway:us-east-1:lambda:path/2015-03-31/functions/arn:aws:lambda:us-east-1:140040602879:function:blank_go-6/invocations",
            "kms_key_arn": "",
            "last_modified": "2021-08-29T04:03:37.940+0000",
            "layers": null,
            "memory_size": 128,
            "package_type": "Zip",
            "publish": false,
            "qualified_arn": "arn:aws:lambda:us-east-1:140040602879:function:blank_go-6:$LATEST",
            "reserved_concurrent_executions": -1,
            "role": "arn:aws:iam::140040602879:role/iam_for_lambda",
            "runtime": "go1.x",
            "s3_bucket": null,
            "s3_key": null,
            "s3_object_version": null,
            "signing_job_arn": "",
            "signing_profile_version_arn": "",
            "source_code_hash": "zTcW+Gij+lBCMLHdvBRgaWuFO0SerAO/5BhBgpeThBc=",
            "source_code_size": 5520809,
            "tags": {
              "Name": "blank_go-6"
            },
            "tags_all": {
              "Name": "blank_go-6"
            },
            "timeout": 30,
            "timeouts": null,
            "tracing_config": [
              {
                "mode": "PassThrough"
              }
            ],
            "version": "$LATEST",
            "vpc_config": []
          },
          "sensitive_attributes": [],
          "private": "eyJlMmJmYjczMC1lY2FhLTExZTYtOGY4OC0zNDM2M2JjN2M0YzAiOnsiY3JlYXRlIjo2MDAwMDAwMDAwMDB9fQ==",
          "dependencies": [
            "aws_iam_role.iam_for_lambda",
            "data.archive_file.zip"
          ]
        },
        {
          "index_key": 7,
          "schema_version": 0,
          "attributes": {
            "arn": "arn:aws:lambda:us-east-1:140040602879:function:blank_go-7",
            "code_signing_config_arn": "",
            "dead_letter_config": [],
            "description": "",
            "environment": [],
            "file_system_config": [],
            "filename": "lambda.zip",
            "function_name": "blank_go-7",
            "handler": "main",
            "id": "blank_go-7",
            "image_config": [],
            "image_uri": "",
            "invoke_arn": "arn:aws:apigateway:us-east-1:lambda:path/2015-03-31/functions/arn:aws:lambda:us-east-1:140040602879:function:blank_go-7/invocations",
            "kms_key_arn": "",
            "last_modified": "2021-08-29T04:02:39.410+0000",
            "layers": null,
            "memory_size": 128,
            "package_type": "Zip",
            "publish": false,
            "qualified_arn": "arn:aws:lambda:us-east-1:140040602879:function:blank_go-7:$LATEST",
            "reserved_concurrent_executions": -1,
            "role": "arn:aws:iam::140040602879:role/iam_for_lambda",
            "runtime": "go1.x",
            "s3_bucket": null,
            "s3_key": null,
            "s3_object_version": null,
            "signing_job_arn": "",
            "signing_profile_version_arn": "",
            "source_code_hash": "zTcW+Gij+lBCMLHdvBRgaWuFO0SerAO/5BhBgpeThBc=",
            "source_code_size": 5520809,
            "tags": {
              "Name": "blank_go-7"
            },
            "tags_all": {
              "Name": "blank_go-7"
            },
            "timeout": 30,
            "timeouts": null,
            "tracing_config": [
              {
                "mode": "PassThrough"
              }
            ],
            "version": "$LATEST",
            "vpc_config": []
          },
          "sensitive_attributes": [],
          "private": "eyJlMmJmYjczMC1lY2FhLTExZTYtOGY4OC0zNDM2M2JjN2M0YzAiOnsiY3JlYXRlIjo2MDAwMDAwMDAwMDB9fQ==",
          "dependencies": [
            "aws_iam_role.iam_for_lambda",
            "data.archive_file.zip"
          ]
        },
        {
          "index_key": 8,
          "schema_version": 0,
          "attributes": {
            "arn": "arn:aws:lambda:us-east-1:140040602879:function:blank_go-8",
            "code_signing_config_arn": "",
            "dead_letter_config": [],
            "description": "",
            "environment": [],
            "file_system_config": [],
            "filename": "lambda.zip",
            "function_name": "blank_go-8",
            "handler": "main",
            "id": "blank_go-8",
            "image_config": [],
            "image_uri": "",
            "invoke_arn": "arn:aws:apigateway:us-east-1:lambda:path/2015-03-31/functions/arn:aws:lambda:us-east-1:140040602879:function:blank_go-8/invocations",
            "kms_key_arn": "",
            "last_modified": "2021-08-29T04:02:53.109+0000",
            "layers": null,
            "memory_size": 128,
            "package_type": "Zip",
            "publish": false,
            "qualified_arn": "arn:aws:lambda:us-east-1:140040602879:function:blank_go-8:$LATEST",
            "reserved_concurrent_executions": -1,
            "role": "arn:aws:iam::140040602879:role/iam_for_lambda",
            "runtime": "go1.x",
            "s3_bucket": null,
            "s3_key": null,
            "s3_object_version": null,
            "signing_job_arn": "",
            "signing_profile_version_arn": "",
            "source_code_hash": "zTcW+Gij+lBCMLHdvBRgaWuFO0SerAO/5BhBgpeThBc=",
            "source_code_size": 5520809,
            "tags": {
              "Name": "blank_go-8"
            },
            "tags_all": {
              "Name": "blank_go-8"
            },
            "timeout": 30,
            "timeouts": null,
            "tracing_config": [
              {
                "mode": "PassThrough"
              }
            ],
            "version": "$LATEST",
            "vpc_config": []
          },
          "sensitive_attributes": [],
          "private": "eyJlMmJmYjczMC1lY2FhLTExZTYtOGY4OC0zNDM2M2JjN2M0YzAiOnsiY3JlYXRlIjo2MDAwMDAwMDAwMDB9fQ==",
          "dependencies": [
            "aws_iam_role.iam_for_lambda",
            "data.archive_file.zip"
          ]
        },
        {
          "index_key": 9,
          "schema_version": 0,
          "attributes": {
            "arn": "arn:aws:lambda:us-east-1:140040602879:function:blank_go-9",
            "code_signing_config_arn": "",
            "dead_letter_config": [],
            "description": "",
            "environment": [],
            "file_system_config": [],
            "filename": "lambda.zip",
            "function_name": "blank_go-9",
            "handler": "main",
            "id": "blank_go-9",
            "image_config": [],
            "image_uri": "",
            "invoke_arn": "arn:aws:apigateway:us-east-1:lambda:path/2015-03-31/functions/arn:aws:lambda:us-east-1:140040602879:function:blank_go-9/invocations",
            "kms_key_arn": "",
            "last_modified": "2021-08-29T04:03:22.568+0000",
            "layers": null,
            "memory_size": 128,
            "package_type": "Zip",
            "publish": false,
            "qualified_arn": "arn:aws:lambda:us-east-1:140040602879:function:blank_go-9:$LATEST",
            "reserved_concurrent_executions": -1,
            "role": "arn:aws:iam::140040602879:role/iam_for_lambda",
            "runtime": "go1.x",
            "s3_bucket": null,
            "s3_key": null,
            "s3_object_version": null,
            "signing_job_arn": "",
            "signing_profile_version_arn": "",
            "source_code_hash": "zTcW+Gij+lBCMLHdvBRgaWuFO0SerAO/5BhBgpeThBc=",
            "source_code_size": 5520809,
            "tags": {
              "Name": "blank_go-9"
            },
            "tags_all": {
              "Name": "blank_go-9"
            },
            "timeout": 30,
            "timeouts": null,
            "tracing_config": [
              {
                "mode": "PassThrough"
              }
            ],
            "version": "$LATEST",
            "vpc_config": []
          },
          "sensitive_attributes": [],
          "private": "eyJlMmJmYjczMC1lY2FhLTExZTYtOGY4OC0zNDM2M2JjN2M0YzAiOnsiY3JlYXRlIjo2MDAwMDAwMDAwMDB9fQ==",
          "dependencies": [
            "aws_iam_role.iam_for_lambda",
            "data.archive_file.zip"
          ]
        }
      ]
    }
  ]
}
